Microsoft Visual Studio Solution File, Format Version 12.00
# Visual Studio 15
Project("{2150E333-8FDC-42A3-9474-1A3956D46DE8}") = "C-Utility_Samples", "C-Utility_Samples", "{3C8FE73C-D7A7-3E9B-A5CA-73DDD1A4AD29}"
EndProject
Project("{2150E333-8FDC-42A3-9474-1A3956D46DE8}") = "CMakePredefinedTargets", "CMakePredefinedTargets", "{DDC805AF-AA4E-36E9-B106-8B5234E5EEEE}"
EndProject
Project("{8BC9CEB8-8B4A-11D0-8D11-00A0C91BC942}") = "ALL_BUILD", "ALL_BUILD.vcxproj", "{0A57D2F1-E84A-3496-A8E4-913A4AB34F4F}"
	ProjectSection(ProjectDependencies) = postProject
		{96662A91-9BBF-3D7E-91BF-53BF9E056B8D} = {96662A91-9BBF-3D7E-91BF-53BF9E056B8D}
		{28E7422B-4306-3A04-BEC8-68A61308D7D2} = {28E7422B-4306-3A04-BEC8-68A61308D7D2}
		{543E6116-9C30-3ECF-946D-C56DB852A50E} = {543E6116-9C30-3ECF-946D-C56DB852A50E}
		{D08B08E9-4CBE-3243-B19B-1191798F0513} = {D08B08E9-4CBE-3243-B19B-1191798F0513}
		{98762F06-2803-3BEB-968D-127D1B029CBB} = {98762F06-2803-3BEB-968D-127D1B029CBB}
	EndProjectSection
EndProject
Project("{8BC9CEB8-8B4A-11D0-8D11-00A0C91BC942}") = "INSTALL", "INSTALL.vcxproj", "{3145D038-A8A2-3D84-BED5-F319D234CDDA}"
	ProjectSection(ProjectDependencies) = postProject
		{0A57D2F1-E84A-3496-A8E4-913A4AB34F4F} = {0A57D2F1-E84A-3496-A8E4-913A4AB34F4F}
		{96662A91-9BBF-3D7E-91BF-53BF9E056B8D} = {96662A91-9BBF-3D7E-91BF-53BF9E056B8D}
	EndProjectSection
EndProject
Project("{8BC9CEB8-8B4A-11D0-8D11-00A0C91BC942}") = "RUN_TESTS", "RUN_TESTS.vcxproj", "{D9526B06-1194-325A-AC23-3D778B9D40A1}"
	ProjectSection(ProjectDependencies) = postProject
		{96662A91-9BBF-3D7E-91BF-53BF9E056B8D} = {96662A91-9BBF-3D7E-91BF-53BF9E056B8D}
	EndProjectSection
EndProject
Project("{8BC9CEB8-8B4A-11D0-8D11-00A0C91BC942}") = "ZERO_CHECK", "..\\ZERO_CHECK.vcxproj", "{96662A91-9BBF-3D7E-91BF-53BF9E056B8D}"
	ProjectSection(ProjectDependencies) = postProject
	EndProjectSection
EndProject
Project("{8BC9CEB8-8B4A-11D0-8D11-00A0C91BC942}") = "aziotsharedutil", "aziotsharedutil.vcxproj", "{28E7422B-4306-3A04-BEC8-68A61308D7D2}"
	ProjectSection(ProjectDependencies) = postProject
		{96662A91-9BBF-3D7E-91BF-53BF9E056B8D} = {96662A91-9BBF-3D7E-91BF-53BF9E056B8D}
	EndProjectSection
EndProject
Project("{8BC9CEB8-8B4A-11D0-8D11-00A0C91BC942}") = "iot_c_utility", "samples\iot_c_utility\iot_c_utility.vcxproj", "{543E6116-9C30-3ECF-946D-C56DB852A50E}"
	ProjectSection(ProjectDependencies) = postProject
		{96662A91-9BBF-3D7E-91BF-53BF9E056B8D} = {96662A91-9BBF-3D7E-91BF-53BF9E056B8D}
		{28E7422B-4306-3A04-BEC8-68A61308D7D2} = {28E7422B-4306-3A04-BEC8-68A61308D7D2}
	EndProjectSection
EndProject
Project("{8BC9CEB8-8B4A-11D0-8D11-00A0C91BC942}") = "socketio_connect", "samples\socketio_connect\socketio_connect.vcxproj", "{D08B08E9-4CBE-3243-B19B-1191798F0513}"
	ProjectSection(ProjectDependencies) = postProject
		{96662A91-9BBF-3D7E-91BF-53BF9E056B8D} = {96662A91-9BBF-3D7E-91BF-53BF9E056B8D}
		{28E7422B-4306-3A04-BEC8-68A61308D7D2} = {28E7422B-4306-3A04-BEC8-68A61308D7D2}
	EndProjectSection
EndProject
Project("{8BC9CEB8-8B4A-11D0-8D11-00A0C91BC942}") = "tlsio_connect", "samples\tlsio_connect\tlsio_connect.vcxproj", "{98762F06-2803-3BEB-968D-127D1B029CBB}"
	ProjectSection(ProjectDependencies) = postProject
		{96662A91-9BBF-3D7E-91BF-53BF9E056B8D} = {96662A91-9BBF-3D7E-91BF-53BF9E056B8D}
		{28E7422B-4306-3A04-BEC8-68A61308D7D2} = {28E7422B-4306-3A04-BEC8-68A61308D7D2}
	EndProjectSection
EndProject
Global
	GlobalSection(SolutionConfigurationPlatforms) = preSolution
		Debug|x64 = Debug|x64
		Release|x64 = Release|x64
		MinSizeRel|x64 = MinSizeRel|x64
		RelWithDebInfo|x64 = RelWithDebInfo|x64
	EndGlobalSection
	GlobalSection(ProjectConfigurationPlatforms) = postSolution
		{0A57D2F1-E84A-3496-A8E4-913A4AB34F4F}.Debug|x64.ActiveCfg = Debug|x64
		{0A57D2F1-E84A-3496-A8E4-913A4AB34F4F}.Debug|x64.Build.0 = Debug|x64
		{0A57D2F1-E84A-3496-A8E4-913A4AB34F4F}.Release|x64.ActiveCfg = Release|x64
		{0A57D2F1-E84A-3496-A8E4-913A4AB34F4F}.Release|x64.Build.0 = Release|x64
		{0A57D2F1-E84A-3496-A8E4-913A4AB34F4F}.MinSizeRel|x64.ActiveCfg = MinSizeRel|x64
		{0A57D2F1-E84A-3496-A8E4-913A4AB34F4F}.MinSizeRel|x64.Build.0 = MinSizeRel|x64
		{0A57D2F1-E84A-3496-A8E4-913A4AB34F4F}.RelWithDebInfo|x64.ActiveCfg = RelWithDebInfo|x64
		{0A57D2F1-E84A-3496-A8E4-913A4AB34F4F}.RelWithDebInfo|x64.Build.0 = RelWithDebInfo|x64
		{3145D038-A8A2-3D84-BED5-F319D234CDDA}.Debug|x64.ActiveCfg = Debug|x64
		{3145D038-A8A2-3D84-BED5-F319D234CDDA}.Release|x64.ActiveCfg = Release|x64
		{3145D038-A8A2-3D84-BED5-F319D234CDDA}.MinSizeRel|x64.ActiveCfg = MinSizeRel|x64
		{3145D038-A8A2-3D84-BED5-F319D234CDDA}.RelWithDebInfo|x64.ActiveCfg = RelWithDebInfo|x64
		{D9526B06-1194-325A-AC23-3D778B9D40A1}.Debug|x64.ActiveCfg = Debug|x64
		{D9526B06-1194-325A-AC23-3D778B9D40A1}.Release|x64.ActiveCfg = Release|x64
		{D9526B06-1194-325A-AC23-3D778B9D40A1}.MinSizeRel|x64.ActiveCfg = MinSizeRel|x64
		{D9526B06-1194-325A-AC23-3D778B9D40A1}.RelWithDebInfo|x64.ActiveCfg = RelWithDebInfo|x64
		{96662A91-9BBF-3D7E-91BF-53BF9E056B8D}.Debug|x64.ActiveCfg = Debug|x64
		{96662A91-9BBF-3D7E-91BF-53BF9E056B8D}.Debug|x64.Build.0 = Debug|x64
		{96662A91-9BBF-3D7E-91BF-53BF9E056B8D}.Release|x64.ActiveCfg = Release|x64
		{96662A91-9BBF-3D7E-91BF-53BF9E056B8D}.Release|x64.Build.0 = Release|x64
		{96662A91-9BBF-3D7E-91BF-53BF9E056B8D}.MinSizeRel|x64.ActiveCfg = MinSizeRel|x64
		{96662A91-9BBF-3D7E-91BF-53BF9E056B8D}.MinSizeRel|x64.Build.0 = MinSizeRel|x64
		{96662A91-9BBF-3D7E-91BF-53BF9E056B8D}.RelWithDebInfo|x64.ActiveCfg = RelWithDebInfo|x64
		{96662A91-9BBF-3D7E-91BF-53BF9E056B8D}.RelWithDebInfo|x64.Build.0 = RelWithDebInfo|x64
		{28E7422B-4306-3A04-BEC8-68A61308D7D2}.Debug|x64.ActiveCfg = Debug|x64
		{28E7422B-4306-3A04-BEC8-68A61308D7D2}.Debug|x64.Build.0 = Debug|x64
		{28E7422B-4306-3A04-BEC8-68A61308D7D2}.Release|x64.ActiveCfg = Release|x64
		{28E7422B-4306-3A04-BEC8-68A61308D7D2}.Release|x64.Build.0 = Release|x64
		{28E7422B-4306-3A04-BEC8-68A61308D7D2}.MinSizeRel|x64.ActiveCfg = MinSizeRel|x64
		{28E7422B-4306-3A04-BEC8-68A61308D7D2}.MinSizeRel|x64.Build.0 = MinSizeRel|x64
		{28E7422B-4306-3A04-BEC8-68A61308D7D2}.RelWithDebInfo|x64.ActiveCfg = RelWithDebInfo|x64
		{28E7422B-4306-3A04-BEC8-68A61308D7D2}.RelWithDebInfo|x64.Build.0 = RelWithDebInfo|x64
		{543E6116-9C30-3ECF-946D-C56DB852A50E}.Debug|x64.ActiveCfg = Debug|x64
		{543E6116-9C30-3ECF-946D-C56DB852A50E}.Debug|x64.Build.0 = Debug|x64
		{543E6116-9C30-3ECF-946D-C56DB852A50E}.Release|x64.ActiveCfg = Release|x64
		{543E6116-9C30-3ECF-946D-C56DB852A50E}.Release|x64.Build.0 = Release|x64
		{543E6116-9C30-3ECF-946D-C56DB852A50E}.MinSizeRel|x64.ActiveCfg = MinSizeRel|x64
		{543E6116-9C30-3ECF-946D-C56DB852A50E}.MinSizeRel|x64.Build.0 = MinSizeRel|x64
		{543E6116-9C30-3ECF-946D-C56DB852A50E}.RelWithDebInfo|x64.ActiveCfg = RelWithDebInfo|x64
		{543E6116-9C30-3ECF-946D-C56DB852A50E}.RelWithDebInfo|x64.Build.0 = RelWithDebInfo|x64
		{D08B08E9-4CBE-3243-B19B-1191798F0513}.Debug|x64.ActiveCfg = Debug|x64
		{D08B08E9-4CBE-3243-B19B-1191798F0513}.Debug|x64.Build.0 = Debug|x64
		{D08B08E9-4CBE-3243-B19B-1191798F0513}.Release|x64.ActiveCfg = Release|x64
		{D08B08E9-4CBE-3243-B19B-1191798F0513}.Release|x64.Build.0 = Release|x64
		{D08B08E9-4CBE-3243-B19B-1191798F0513}.MinSizeRel|x64.ActiveCfg = MinSizeRel|x64
		{D08B08E9-4CBE-3243-B19B-1191798F0513}.MinSizeRel|x64.Build.0 = MinSizeRel|x64
		{D08B08E9-4CBE-3243-B19B-1191798F0513}.RelWithDebInfo|x64.ActiveCfg = RelWithDebInfo|x64
		{D08B08E9-4CBE-3243-B19B-1191798F0513}.RelWithDebInfo|x64.Build.0 = RelWithDebInfo|x64
		{98762F06-2803-3BEB-968D-127D1B029CBB}.Debug|x64.ActiveCfg = Debug|x64
		{98762F06-2803-3BEB-968D-127D1B029CBB}.Debug|x64.Build.0 = Debug|x64
		{98762F06-2803-3BEB-968D-127D1B029CBB}.Release|x64.ActiveCfg = Release|x64
		{98762F06-2803-3BEB-968D-127D1B029CBB}.Release|x64.Build.0 = Release|x64
		{98762F06-2803-3BEB-968D-127D1B029CBB}.MinSizeRel|x64.ActiveCfg = MinSizeRel|x64
		{98762F06-2803-3BEB-968D-127D1B029CBB}.MinSizeRel|x64.Build.0 = MinSizeRel|x64
		{98762F06-2803-3BEB-968D-127D1B029CBB}.RelWithDebInfo|x64.ActiveCfg = RelWithDebInfo|x64
		{98762F06-2803-3BEB-968D-127D1B029CBB}.RelWithDebInfo|x64.Build.0 = RelWithDebInfo|x64
	EndGlobalSection
	GlobalSection(NestedProjects) = preSolution
		{543E6116-9C30-3ECF-946D-C56DB852A50E} = {3C8FE73C-D7A7-3E9B-A5CA-73DDD1A4AD29}
		{D08B08E9-4CBE-3243-B19B-1191798F0513} = {3C8FE73C-D7A7-3E9B-A5CA-73DDD1A4AD29}
		{98762F06-2803-3BEB-968D-127D1B029CBB} = {3C8FE73C-D7A7-3E9B-A5CA-73DDD1A4AD29}
		{0A57D2F1-E84A-3496-A8E4-913A4AB34F4F} = {DDC805AF-AA4E-36E9-B106-8B5234E5EEEE}
		{3145D038-A8A2-3D84-BED5-F319D234CDDA} = {DDC805AF-AA4E-36E9-B106-8B5234E5EEEE}
		{D9526B06-1194-325A-AC23-3D778B9D40A1} = {DDC805AF-AA4E-36E9-B106-8B5234E5EEEE}
		{96662A91-9BBF-3D7E-91BF-53BF9E056B8D} = {DDC805AF-AA4E-36E9-B106-8B5234E5EEEE}
	EndGlobalSection
	GlobalSection(ExtensibilityGlobals) = postSolution
		SolutionGuid = {A6240B00-4B41-39B6-953F-8BDECFAD85DC}
	EndGlobalSection
	GlobalSection(ExtensibilityAddIns) = postSolution
	EndGlobalSection
EndGlobal
